
Microsoft Visual Studio Solution File, Format Version 12.00
# Visual Studio 2015
Project("{FAE04EC0-301F-11D3-BF4B-00C04F79EFBC}") = "Proyecto TFG", "Proyecto TFG.csproj", "{3EDDF888-BAE7-6170-8846-FFEC026BAEE1}"
EndProject
Project("{FAE04EC0-301F-11D3-BF4B-00C04F79EFBC}") = "Proyecto TFG.Editor", "Proyecto TFG.Editor.csproj", "{ADA4BF1B-6F64-4137-B93C-4FCAABCF1257}"
EndProject
Global
	GlobalSection(SolutionConfigurationPlatforms) = preSolution
		Debug|Any CPU = Debug|Any CPU
		Release|Any CPU = Release|Any CPU
	EndGlobalSection
	GlobalSection(ProjectConfigurationPlatforms) = postSolution
		{3EDDF888-BAE7-6170-8846-FFEC026BAEE1}.Debug|Any CPU.ActiveCfg = Debug|Any CPU
		{3EDDF888-BAE7-6170-8846-FFEC026BAEE1}.Debug|Any CPU.Build.0 = Debug|Any CPU
		{3EDDF888-BAE7-6170-8846-FFEC026BAEE1}.Release|Any CPU.ActiveCfg = Release|Any CPU
		{3EDDF888-BAE7-6170-8846-FFEC026BAEE1}.Release|Any CPU.Build.0 = Release|Any CPU
		{ADA4BF1B-6F64-4137-B93C-4FCAABCF1257}.Debug|Any CPU.ActiveCfg = Debug|Any CPU
		{ADA4BF1B-6F64-4137-B93C-4FCAABCF1257}.Debug|Any CPU.Build.0 = Debug|Any CPU
		{ADA4BF1B-6F64-4137-B93C-4FCAABCF1257}.Release|Any CPU.ActiveCfg = Release|Any CPU
		{ADA4BF1B-6F64-4137-B93C-4FCAABCF1257}.Release|Any CPU.Build.0 = Release|Any CPU
	EndGlobalSection
	GlobalSection(SolutionProperties) = preSolution
		HideSolutionNode = FALSE
	EndGlobalSection
EndGlobal
