Microsoft Visual Studio Solution File, Format Version 11.00
# Visual Studio 2008

Project("{806D5664-931D-2A6A-619C-3C3575E40973}") = "TFG_memogames", "Assembly-CSharp.csproj", "{2D93DA09-0D88-60F8-DDB0-8C3AEF32CCC1}"
EndProject
Project("{806D5664-931D-2A6A-619C-3C3575E40973}") = "TFG_memogames", "Assembly-CSharp-Editor.csproj", "{F4FC6C0C-A67A-EAE6-D834-57B6FB21263E}"
EndProject
Global
	GlobalSection(SolutionConfigurationPlatforms) = preSolution
		Debug|Any CPU = Debug|Any CPU
		Release|Any CPU = Release|Any CPU
	EndGlobalSection
	GlobalSection(ProjectConfigurationPlatforms) = postSolution
		{2D93DA09-0D88-60F8-DDB0-8C3AEF32CCC1}.Debug|Any CPU.ActiveCfg = Debug|Any CPU
		{2D93DA09-0D88-60F8-DDB0-8C3AEF32CCC1}.Debug|Any CPU.Build.0 = Debug|Any CPU
		{2D93DA09-0D88-60F8-DDB0-8C3AEF32CCC1}.Release|Any CPU.ActiveCfg = Release|Any CPU
		{2D93DA09-0D88-60F8-DDB0-8C3AEF32CCC1}.Release|Any CPU.Build.0 = Release|Any CPU
		{F4FC6C0C-A67A-EAE6-D834-57B6FB21263E}.Debug|Any CPU.ActiveCfg = Debug|Any CPU
		{F4FC6C0C-A67A-EAE6-D834-57B6FB21263E}.Debug|Any CPU.Build.0 = Debug|Any CPU
		{F4FC6C0C-A67A-EAE6-D834-57B6FB21263E}.Release|Any CPU.ActiveCfg = Release|Any CPU
		{F4FC6C0C-A67A-EAE6-D834-57B6FB21263E}.Release|Any CPU.Build.0 = Release|Any CPU
	EndGlobalSection
	GlobalSection(SolutionProperties) = preSolution
		HideSolutionNode = FALSE
	EndGlobalSection
	GlobalSection(MonoDevelopProperties) = preSolution
		StartupItem = Assembly-CSharp.csproj
	EndGlobalSection
EndGlobal
