Microsoft Visual Studio Solution File, Format Version 11.00
# Visual Studio 2008

Project("{DC644402-5383-9A9D-359A-C6546CCFAF03}") = "dialogo", "Assembly-CSharp-firstpass.csproj", "{7110B54F-8CB3-9A76-1E87-9600D362EF03}"
EndProject
Project("{DC644402-5383-9A9D-359A-C6546CCFAF03}") = "dialogo", "Assembly-CSharp.csproj", "{55D6C281-7988-109D-D789-2AE2641415A9}"
EndProject
Project("{DC644402-5383-9A9D-359A-C6546CCFAF03}") = "dialogo", "Assembly-CSharp-Editor.csproj", "{F4245DD6-5F17-BB83-8CCE-8ADD58A71F59}"
EndProject
Global
	GlobalSection(SolutionConfigurationPlatforms) = preSolution
		Debug|Any CPU = Debug|Any CPU
		Release|Any CPU = Release|Any CPU
	EndGlobalSection
	GlobalSection(ProjectConfigurationPlatforms) = postSolution
		{7110B54F-8CB3-9A76-1E87-9600D362EF03}.Debug|Any CPU.ActiveCfg = Debug|Any CPU
		{7110B54F-8CB3-9A76-1E87-9600D362EF03}.Debug|Any CPU.Build.0 = Debug|Any CPU
		{7110B54F-8CB3-9A76-1E87-9600D362EF03}.Release|Any CPU.ActiveCfg = Release|Any CPU
		{7110B54F-8CB3-9A76-1E87-9600D362EF03}.Release|Any CPU.Build.0 = Release|Any CPU
		{55D6C281-7988-109D-D789-2AE2641415A9}.Debug|Any CPU.ActiveCfg = Debug|Any CPU
		{55D6C281-7988-109D-D789-2AE2641415A9}.Debug|Any CPU.Build.0 = Debug|Any CPU
		{55D6C281-7988-109D-D789-2AE2641415A9}.Release|Any CPU.ActiveCfg = Release|Any CPU
		{55D6C281-7988-109D-D789-2AE2641415A9}.Release|Any CPU.Build.0 = Release|Any CPU
		{F4245DD6-5F17-BB83-8CCE-8ADD58A71F59}.Debug|Any CPU.ActiveCfg = Debug|Any CPU
		{F4245DD6-5F17-BB83-8CCE-8ADD58A71F59}.Debug|Any CPU.Build.0 = Debug|Any CPU
		{F4245DD6-5F17-BB83-8CCE-8ADD58A71F59}.Release|Any CPU.ActiveCfg = Release|Any CPU
		{F4245DD6-5F17-BB83-8CCE-8ADD58A71F59}.Release|Any CPU.Build.0 = Release|Any CPU
	EndGlobalSection
	GlobalSection(SolutionProperties) = preSolution
		HideSolutionNode = FALSE
	EndGlobalSection
	GlobalSection(MonoDevelopProperties) = preSolution
		StartupItem = Assembly-CSharp.csproj
	EndGlobalSection
EndGlobal
