
Microsoft Visual Studio Solution File, Format Version 12.00
# Visual Studio 2015
Project("{FAE04EC0-301F-11D3-BF4B-00C04F79EFBC}") = "TFG_Test.Plugins", "TFG_Test.Plugins.csproj", "{420517B6-C8D4-2F89-1485-C00335AA6E8D}"
EndProject
Project("{FAE04EC0-301F-11D3-BF4B-00C04F79EFBC}") = "TFG_Test", "TFG_Test.csproj", "{62A78AE9-1FE2-E317-E262-36E63941C0A1}"
EndProject
Project("{FAE04EC0-301F-11D3-BF4B-00C04F79EFBC}") = "TFG_Test.Editor", "TFG_Test.Editor.csproj", "{F684EA76-4C24-41A0-55E8-CB4A90F55163}"
EndProject
Global
	GlobalSection(SolutionConfigurationPlatforms) = preSolution
		Debug|Any CPU = Debug|Any CPU
		Release|Any CPU = Release|Any CPU
	EndGlobalSection
	GlobalSection(ProjectConfigurationPlatforms) = postSolution
		{420517B6-C8D4-2F89-1485-C00335AA6E8D}.Debug|Any CPU.ActiveCfg = Debug|Any CPU
		{420517B6-C8D4-2F89-1485-C00335AA6E8D}.Debug|Any CPU.Build.0 = Debug|Any CPU
		{420517B6-C8D4-2F89-1485-C00335AA6E8D}.Release|Any CPU.ActiveCfg = Release|Any CPU
		{420517B6-C8D4-2F89-1485-C00335AA6E8D}.Release|Any CPU.Build.0 = Release|Any CPU
		{62A78AE9-1FE2-E317-E262-36E63941C0A1}.Debug|Any CPU.ActiveCfg = Debug|Any CPU
		{62A78AE9-1FE2-E317-E262-36E63941C0A1}.Debug|Any CPU.Build.0 = Debug|Any CPU
		{62A78AE9-1FE2-E317-E262-36E63941C0A1}.Release|Any CPU.ActiveCfg = Release|Any CPU
		{62A78AE9-1FE2-E317-E262-36E63941C0A1}.Release|Any CPU.Build.0 = Release|Any CPU
		{F684EA76-4C24-41A0-55E8-CB4A90F55163}.Debug|Any CPU.ActiveCfg = Debug|Any CPU
		{F684EA76-4C24-41A0-55E8-CB4A90F55163}.Debug|Any CPU.Build.0 = Debug|Any CPU
		{F684EA76-4C24-41A0-55E8-CB4A90F55163}.Release|Any CPU.ActiveCfg = Release|Any CPU
		{F684EA76-4C24-41A0-55E8-CB4A90F55163}.Release|Any CPU.Build.0 = Release|Any CPU
	EndGlobalSection
	GlobalSection(SolutionProperties) = preSolution
		HideSolutionNode = FALSE
	EndGlobalSection
EndGlobal
