Microsoft Visual Studio Solution File, Format Version 11.00
# Visual Studio 2008

Project("{5BDEEDA8-29DA-DF7D-F88D-097A8C3F1167}") = "TFG_Test", "Assembly-CSharp-firstpass.csproj", "{52AC4F7B-EC30-D1E3-661C-0A2DB7398FBF}"
EndProject
Project("{5BDEEDA8-29DA-DF7D-F88D-097A8C3F1167}") = "TFG_Test", "Assembly-CSharp.csproj", "{36D5EC52-1368-333B-46AE-749C87151AA1}"
EndProject
Project("{5BDEEDA8-29DA-DF7D-F88D-097A8C3F1167}") = "TFG_Test", "Assembly-CSharp-Editor.csproj", "{201CBCC6-7079-79E2-CE16-8CF390E92EDC}"
EndProject
Global
	GlobalSection(SolutionConfigurationPlatforms) = preSolution
		Debug|Any CPU = Debug|Any CPU
		Release|Any CPU = Release|Any CPU
	EndGlobalSection
	GlobalSection(ProjectConfigurationPlatforms) = postSolution
		{52AC4F7B-EC30-D1E3-661C-0A2DB7398FBF}.Debug|Any CPU.ActiveCfg = Debug|Any CPU
		{52AC4F7B-EC30-D1E3-661C-0A2DB7398FBF}.Debug|Any CPU.Build.0 = Debug|Any CPU
		{52AC4F7B-EC30-D1E3-661C-0A2DB7398FBF}.Release|Any CPU.ActiveCfg = Release|Any CPU
		{52AC4F7B-EC30-D1E3-661C-0A2DB7398FBF}.Release|Any CPU.Build.0 = Release|Any CPU
		{36D5EC52-1368-333B-46AE-749C87151AA1}.Debug|Any CPU.ActiveCfg = Debug|Any CPU
		{36D5EC52-1368-333B-46AE-749C87151AA1}.Debug|Any CPU.Build.0 = Debug|Any CPU
		{36D5EC52-1368-333B-46AE-749C87151AA1}.Release|Any CPU.ActiveCfg = Release|Any CPU
		{36D5EC52-1368-333B-46AE-749C87151AA1}.Release|Any CPU.Build.0 = Release|Any CPU
		{201CBCC6-7079-79E2-CE16-8CF390E92EDC}.Debug|Any CPU.ActiveCfg = Debug|Any CPU
		{201CBCC6-7079-79E2-CE16-8CF390E92EDC}.Debug|Any CPU.Build.0 = Debug|Any CPU
		{201CBCC6-7079-79E2-CE16-8CF390E92EDC}.Release|Any CPU.ActiveCfg = Release|Any CPU
		{201CBCC6-7079-79E2-CE16-8CF390E92EDC}.Release|Any CPU.Build.0 = Release|Any CPU
	EndGlobalSection
	GlobalSection(SolutionProperties) = preSolution
		HideSolutionNode = FALSE
	EndGlobalSection
	GlobalSection(MonoDevelopProperties) = preSolution
		StartupItem = Assembly-CSharp.csproj
	EndGlobalSection
EndGlobal
